
Microsoft Visual Studio Solution File, Format Version 12.00
# Visual Studio Version 16
VisualStudioVersion = 16.0.31729.503
MinimumVisualStudioVersion = 10.0.40219.1
Project("{9A19103F-16F7-4668-BE54-9A1E7A4F7556}") = "Wolf.API", "Wolf.API\Wolf.API.csproj", "{6AEF357E-1508-49D6-86B0-4D6A6DED5019}"
EndProject
Project("{9A19103F-16F7-4668-BE54-9A1E7A4F7556}") = "Wolf.Core", "Wolf.Core\Wolf.Core.csproj", "{C5508C8B-1ACD-48C9-924E-CB7026764250}"
EndProject
Project("{9A19103F-16F7-4668-BE54-9A1E7A4F7556}") = "Wolf.UnitTest", "Wolf.UnitTest\Wolf.UnitTest.csproj", "{77277A08-64D4-4CB1-8A0C-81A0107929EB}"
EndProject
Global
	GlobalSection(SolutionConfigurationPlatforms) = preSolution
		Debug|Any CPU = Debug|Any CPU
		Release|Any CPU = Release|Any CPU
	EndGlobalSection
	GlobalSection(ProjectConfigurationPlatforms) = postSolution
		{6AEF357E-1508-49D6-86B0-4D6A6DED5019}.Debug|Any CPU.ActiveCfg = Debug|Any CPU
		{6AEF357E-1508-49D6-86B0-4D6A6DED5019}.Debug|Any CPU.Build.0 = Debug|Any CPU
		{6AEF357E-1508-49D6-86B0-4D6A6DED5019}.Release|Any CPU.ActiveCfg = Release|Any CPU
		{6AEF357E-1508-49D6-86B0-4D6A6DED5019}.Release|Any CPU.Build.0 = Release|Any CPU
		{C5508C8B-1ACD-48C9-924E-CB7026764250}.Debug|Any CPU.ActiveCfg = Debug|Any CPU
		{C5508C8B-1ACD-48C9-924E-CB7026764250}.Debug|Any CPU.Build.0 = Debug|Any CPU
		{C5508C8B-1ACD-48C9-924E-CB7026764250}.Release|Any CPU.ActiveCfg = Release|Any CPU
		{C5508C8B-1ACD-48C9-924E-CB7026764250}.Release|Any CPU.Build.0 = Release|Any CPU
		{77277A08-64D4-4CB1-8A0C-81A0107929EB}.Debug|Any CPU.ActiveCfg = Debug|Any CPU
		{77277A08-64D4-4CB1-8A0C-81A0107929EB}.Debug|Any CPU.Build.0 = Debug|Any CPU
		{77277A08-64D4-4CB1-8A0C-81A0107929EB}.Release|Any CPU.ActiveCfg = Release|Any CPU
		{77277A08-64D4-4CB1-8A0C-81A0107929EB}.Release|Any CPU.Build.0 = Release|Any CPU
	EndGlobalSection
	GlobalSection(SolutionProperties) = preSolution
		HideSolutionNode = FALSE
	EndGlobalSection
	GlobalSection(ExtensibilityGlobals) = postSolution
		SolutionGuid = {DA4BB890-3033-47BC-BDFA-17A6691D4CEB}
	EndGlobalSection
EndGlobal
